
Microsoft Visual Studio Solution File, Format Version 12.00
# Visual Studio 15
VisualStudioVersion = 15.0.27130.2036
MinimumVisualStudioVersion = 10.0.40219.1
Project("{FAE04EC0-301F-11D3-BF4B-00C04F79EFBC}") = "Altkom.DesignPatterns.ConsoleClient", "Altkom.DesignPatterns.ConsoleClient\Altkom.DesignPatterns.ConsoleClient.csproj", "{C2FB0A0B-A6D6-4999-82D5-AEE376913727}"
EndProject
Project("{FAE04EC0-301F-11D3-BF4B-00C04F79EFBC}") = "Altkom.DesignPatterns.UnitTests", "Altkom.DesignPatterns.UnitTests\Altkom.DesignPatterns.UnitTests.csproj", "{F192E8D1-1DCB-4907-A872-68E9C00A0A3E}"
EndProject
Global
	GlobalSection(SolutionConfigurationPlatforms) = preSolution
		Debug|Any CPU = Debug|Any CPU
		Release|Any CPU = Release|Any CPU
	EndGlobalSection
	GlobalSection(ProjectConfigurationPlatforms) = postSolution
		{C2FB0A0B-A6D6-4999-82D5-AEE376913727}.Debug|Any CPU.ActiveCfg = Debug|Any CPU
		{C2FB0A0B-A6D6-4999-82D5-AEE376913727}.Debug|Any CPU.Build.0 = Debug|Any CPU
		{C2FB0A0B-A6D6-4999-82D5-AEE376913727}.Release|Any CPU.ActiveCfg = Release|Any CPU
		{C2FB0A0B-A6D6-4999-82D5-AEE376913727}.Release|Any CPU.Build.0 = Release|Any CPU
		{F192E8D1-1DCB-4907-A872-68E9C00A0A3E}.Debug|Any CPU.ActiveCfg = Debug|Any CPU
		{F192E8D1-1DCB-4907-A872-68E9C00A0A3E}.Debug|Any CPU.Build.0 = Debug|Any CPU
		{F192E8D1-1DCB-4907-A872-68E9C00A0A3E}.Release|Any CPU.ActiveCfg = Release|Any CPU
		{F192E8D1-1DCB-4907-A872-68E9C00A0A3E}.Release|Any CPU.Build.0 = Release|Any CPU
	EndGlobalSection
	GlobalSection(SolutionProperties) = preSolution
		HideSolutionNode = FALSE
	EndGlobalSection
	GlobalSection(ExtensibilityGlobals) = postSolution
		SolutionGuid = {C2E21249-57D7-4787-9E90-A0DFE97DDA70}
	EndGlobalSection
EndGlobal
